// !$*UTF8*$!
{
	archiveVersion = 1;
	classes = {
	};
	objectVersion = 46;
	objects = {

/* Begin PBXBuildFile section */
		0CF4204D16012B3700C4D663 /* UIKit.framework in Frameworks */ = {isa = PBXBuildFile; fileRef = 0CF4204C16012B3700C4D663 /* UIKit.framework */; };
		0CF4204F16012B3700C4D663 /* Foundation.framework in Frameworks */ = {isa = PBXBuildFile; fileRef = 0CF4204E16012B3700C4D663 /* Foundation.framework */; };
		0CF4205116012B3700C4D663 /* CoreGraphics.framework in Frameworks */ = {isa = PBXBuildFile; fileRef = 0CF4205016012B3700C4D663 /* CoreGraphics.framework */; };
		0CF4205716012B3700C4D663 /* InfoPlist.strings in Resources */ = {isa = PBXBuildFile; fileRef = 0CF4205516012B3700C4D663 /* InfoPlist.strings */; };
		0CF4205916012B3700C4D663 /* main.m in Sources */ = {isa = PBXBuildFile; fileRef = 0CF4205816012B3700C4D663 /* main.m */; };
		0CF4205D16012B3700C4D663 /* PlannerAppDelegate.m in Sources */ = {isa = PBXBuildFile; fileRef = 0CF4205C16012B3700C4D663 /* PlannerAppDelegate.m */; };
		0CF4206016012B3700C4D663 /* MainStoryboard.storyboard in Resources */ = {isa = PBXBuildFile; fileRef = 0CF4205E16012B3700C4D663 /* MainStoryboard.storyboard */; };
		0CF4206316012B3700C4D663 /* PlannerViewController.m in Sources */ = {isa = PBXBuildFile; fileRef = 0CF4206216012B3700C4D663 /* PlannerViewController.m */; };
/* End PBXBuildFile section */

/* Begin PBXFileReference section */
		0CF4204816012B3700C4D663 /* Planner.app */ = {isa = PBXFileReference; explicitFileType = wrapper.application; includeInIndex = 0; path = Planner.app; sourceTree = BUILT_PRODUCTS_DIR; };
		0CF4204C16012B3700C4D663 /* UIKit.framework */ = {isa = PBXFileReference; lastKnownFileType = wrapper.framework; name = UIKit.framework; path = System/Library/Frameworks/UIKit.framework; sourceTree = SDKROOT; };
		0CF4204E16012B3700C4D663 /* Foundation.framework */ = {isa = PBXFileReference; lastKnownFileType = wrapper.framework; name = Foundation.framework; path = System/Library/Frameworks/Foundation.framework; sourceTree = SDKROOT; };
		0CF4205016012B3700C4D663 /* CoreGraphics.framework */ = {isa = PBXFileReference; lastKnownFileType = wrapper.framework; name = CoreGraphics.framework; path = System/Library/Frameworks/CoreGraphics.framework; sourceTree = SDKROOT; };
		0CF4205416012B3700C4D663 /* Planner-Info.plist */ = {isa = PBXFileReference; lastKnownFileType = text.plist.xml; path = "Planner-Info.plist"; sourceTree = "<group>"; };
		0CF4205616012B3700C4D663 /* en */ = {isa = PBXFileReference; lastKnownFileType = text.plist.strings; name = en; path = en.lproj/InfoPlist.strings; sourceTree = "<group>"; };
		0CF4205816012B3700C4D663 /* main.m */ = {isa = PBXFileReference; lastKnownFileType = sourcecode.c.objc; path = main.m; sourceTree = "<group>"; };
		0CF4205A16012B3700C4D663 /* Planner-Prefix.pch */ = {isa = PBXFileReference; lastKnownFileType = sourcecode.c.h; path = "Planner-Prefix.pch"; sourceTree = "<group>"; };
		0CF4205B16012B3700C4D663 /* PlannerAppDelegate.h */ = {isa = PBXFileReference; lastKnownFileType = sourcecode.c.h; path = PlannerAppDelegate.h; sourceTree = "<group>"; };
		0CF4205C16012B3700C4D663 /* PlannerAppDelegate.m */ = {isa = PBXFileReference; lastKnownFileType = sourcecode.c.objc; path = PlannerAppDelegate.m; sourceTree = "<group>"; };
		0CF4205F16012B3700C4D663 /* en */ = {isa = PBXFileReference; lastKnownFileType = file.storyboard; name = en; path = en.lproj/MainStoryboard.storyboard; sourceTree = "<group>"; };
		0CF4206116012B3700C4D663 /* PlannerViewController.h */ = {isa = PBXFileReference; lastKnownFileType = sourcecode.c.h; path = PlannerViewController.h; sourceTree = "<group>"; };
		0CF4206216012B3700C4D663 /* PlannerViewController.m */ = {isa = PBXFileReference; lastKnownFileType = sourcecode.c.objc; path = PlannerViewController.m; sourceTree = "<group>"; };
/* End PBXFileReference section */

/* Begin PBXFrameworksBuildPhase section */
		0CF4204516012B3700C4D663 /* Frameworks */ = {
			isa = PBXFrameworksBuildPhase;
			buildActionMask = 2147483647;
			files = (
				0CF4204D16012B3700C4D663 /* UIKit.framework in Frameworks */,
				0CF4204F16012B3700C4D663 /* Foundation.framework in Frameworks */,
				0CF4205116012B3700C4D663 /* CoreGraphics.framework in Frameworks */,
			);
			runOnlyForDeploymentPostprocessing = 0;
		};
/* End PBXFrameworksBuildPhase section */

/* Begin PBXGroup section */
		0CF4203D16012B3700C4D663 = {
			isa = PBXGroup;
			children = (
				0CF4205216012B3700C4D663 /* Planner */,
				0CF4204B16012B3700C4D663 /* Frameworks */,
				0CF4204916012B3700C4D663 /* Products */,
			);
			sourceTree = "<group>";
		};
		0CF4204916012B3700C4D663 /* Products */ = {
			isa = PBXGroup;
			children = (
				0CF4204816012B3700C4D663 /* Planner.app */,
			);
			name = Products;
			sourceTree = "<group>";
		};
		0CF4204B16012B3700C4D663 /* Frameworks */ = {
			isa = PBXGroup;
			children = (
				0CF4204C16012B3700C4D663 /* UIKit.framework */,
				0CF4204E16012B3700C4D663 /* Foundation.framework */,
				0CF4205016012B3700C4D663 /* CoreGraphics.framework */,
			);
			name = Frameworks;
			sourceTree = "<group>";
		};
		0CF4205216012B3700C4D663 /* Planner */ = {
			isa = PBXGroup;
			children = (
				0CF4205B16012B3700C4D663 /* PlannerAppDelegate.h */,
				0CF4205C16012B3700C4D663 /* PlannerAppDelegate.m */,
				0CF4205E16012B3700C4D663 /* MainStoryboard.storyboard */,
				0CF4206116012B3700C4D663 /* PlannerViewController.h */,
				0CF4206216012B3700C4D663 /* PlannerViewController.m */,
				0CF4205316012B3700C4D663 /* Supporting Files */,
			);
			path = Planner;
			sourceTree = "<group>";
		};
		0CF4205316012B3700C4D663 /* Supporting Files */ = {
			isa = PBXGroup;
			children = (
				0CF4205416012B3700C4D663 /* Planner-Info.plist */,
				0CF4205516012B3700C4D663 /* InfoPlist.strings */,
				0CF4205816012B3700C4D663 /* main.m */,
				0CF4205A16012B3700C4D663 /* Planner-Prefix.pch */,
			);
			name = "Supporting Files";
			sourceTree = "<group>";
		};
/* End PBXGroup section */

/* Begin PBXNativeTarget section */
		0CF4204716012B3700C4D663 /* Planner */ = {
			isa = PBXNativeTarget;
			buildConfigurationList = 0CF4206616012B3700C4D663 /* Build configuration list for PBXNativeTarget "Planner" */;
			buildPhases = (
				0CF4204416012B3700C4D663 /* Sources */,
				0CF4204516012B3700C4D663 /* Frameworks */,
				0CF4204616012B3700C4D663 /* Resources */,
			);
			buildRules = (
			);
			dependencies = (
			);
			name = Planner;
			productName = Planner;
			productReference = 0CF4204816012B3700C4D663 /* Planner.app */;
			productType = "com.apple.product-type.application";
		};
/* End PBXNativeTarget section */

/* Begin PBXProject section */
		0CF4203F16012B3700C4D663 /* Project object */ = {
			isa = PBXProject;
			attributes = {
				CLASSPREFIX = Planner;
				LastUpgradeCheck = 0440;
				ORGANIZATIONNAME = "Vig Sachidananda";
			};
			buildConfigurationList = 0CF4204216012B3700C4D663 /* Build configuration list for PBXProject "Planner" */;
			compatibilityVersion = "Xcode 3.2";
			developmentRegion = English;
			hasScannedForEncodings = 0;
			knownRegions = (
				en,
			);
			mainGroup = 0CF4203D16012B3700C4D663;
			productRefGroup = 0CF4204916012B3700C4D663 /* Products */;
			projectDirPath = "";
			projectRoot = "";
			targets = (
				0CF4204716012B3700C4D663 /* Planner */,
			);
		};
/* End PBXProject section */

/* Begin PBXResourcesBuildPhase section */
		0CF4204616012B3700C4D663 /* Resources */ = {
			isa = PBXResourcesBuildPhase;
			buildActionMask = 2147483647;
			files = (
				0CF4205716012B3700C4D663 /* InfoPlist.strings in Resources */,
				0CF4206016012B3700C4D663 /* MainStoryboard.storyboard in Resources */,
			);
			runOnlyForDeploymentPostprocessing = 0;
		};
/* End PBXResourcesBuildPhase section */

/* Begin PBXSourcesBuildPhase section */
		0CF4204416012B3700C4D663 /* Sources */ = {
			isa = PBXSourcesBuildPhase;
			buildActionMask = 2147483647;
			files = (
				0CF4205916012B3700C4D663 /* main.m in Sources */,
				0CF4205D16012B3700C4D663 /* PlannerAppDelegate.m in Sources */,
				0CF4206316012B3700C4D663 /* PlannerViewController.m in Sources */,
			);
			runOnlyForDeploymentPostprocessing = 0;
		};
/* End PBXSourcesBuildPhase section */

/* Begin PBXVariantGroup section */
		0CF4205516012B3700C4D663 /* InfoPlist.strings */ = {
			isa = PBXVariantGroup;
			children = (
				0CF4205616012B3700C4D663 /* en */,
			);
			name = InfoPlist.strings;
			sourceTree = "<group>";
		};
		0CF4205E16012B3700C4D663 /* MainStoryboard.storyboard */ = {
			isa = PBXVariantGroup;
			children = (
				0CF4205F16012B3700C4D663 /* en */,
			);
			name = MainStoryboard.storyboard;
			sourceTree = "<group>";
		};
/* End PBXVariantGroup section */

/* Begin XCBuildConfiguration section */
		0CF4206416012B3700C4D663 /* Debug */ = {
			isa = XCBuildConfiguration;
			buildSettings = {
				ALWAYS_SEARCH_USER_PATHS = NO;
				ARCHS = "$(ARCHS_STANDARD_32_BIT)";
				CLANG_CXX_LANGUAGE_STANDARD = "gnu++0x";
				CLANG_WARN__DUPLICATE_METHOD_MATCH = YES;
				"CODE_SIGN_IDENTITY[sdk=iphoneos*]" = "iPhone Developer";
				COPY_PHASE_STRIP = NO;
				GCC_C_LANGUAGE_STANDARD = gnu99;
				GCC_DYNAMIC_NO_PIC = NO;
				GCC_OPTIMIZATION_LEVEL = 0;
				GCC_PREPROCESSOR_DEFINITIONS = (
					"DEBUG=1",
					"$(inherited)",
				);
				GCC_SYMBOLS_PRIVATE_EXTERN = NO;
				GCC_VERSION = com.apple.compilers.llvm.clang.1_0;
				GCC_WARN_ABOUT_RETURN_TYPE = YES;
				GCC_WARN_UNINITIALIZED_AUTOS = YES;
				GCC_WARN_UNUSED_VARIABLE = YES;
				IPHONEOS_DEPLOYMENT_TARGET = 5.1;
				SDKROOT = iphoneos;
			};
			name = Debug;
		};
		0CF4206516012B3700C4D663 /* Release */ = {
			isa = XCBuildConfiguration;
			buildSettings = {
				ALWAYS_SEARCH_USER_PATHS = NO;
				ARCHS = "$(ARCHS_STANDARD_32_BIT)";
				CLANG_CXX_LANGUAGE_STANDARD = "gnu++0x";
				CLANG_WARN__DUPLICATE_METHOD_MATCH = YES;
				"CODE_SIGN_IDENTITY[sdk=iphoneos*]" = "iPhone Developer";
				COPY_PHASE_STRIP = YES;
				GCC_C_LANGUAGE_STANDARD = gnu99;
				GCC_VERSION = com.apple.compilers.llvm.clang.1_0;
				GCC_WARN_ABOUT_RETURN_TYPE = YES;
				GCC_WARN_UNINITIALIZED_AUTOS = YES;
				GCC_WARN_UNUSED_VARIABLE = YES;
				IPHONEOS_DEPLOYMENT_TARGET = 5.1;
				OTHER_CFLAGS = "-DNS_BLOCK_ASSERTIONS=1";
				SDKROOT = iphoneos;
				VALIDATE_PRODUCT = YES;
			};
			name = Release;
		};
		0CF4206716012B3700C4D663 /* Debug */ = {
			isa = XCBuildConfiguration;
			buildSettings = {
				GCC_PRECOMPILE_PREFIX_HEADER = YES;
				GCC_PREFIX_HEADER = "Planner/Planner-Prefix.pch";
				INFOPLIST_FILE = "Planner/Planner-Info.plist";
				PRODUCT_NAME = "$(TARGET_NAME)";
				WRAPPER_EXTENSION = app;
			};
			name = Debug;
		};
		0CF4206816012B3700C4D663 /* Release */ = {
			isa = XCBuildConfiguration;
			buildSettings = {
				GCC_PRECOMPILE_PREFIX_HEADER = YES;
				GCC_PREFIX_HEADER = "Planner/Planner-Prefix.pch";
				INFOPLIST_FILE = "Planner/Planner-Info.plist";
				PRODUCT_NAME = "$(TARGET_NAME)";
				WRAPPER_EXTENSION = app;
			};
			name = Release;
		};
/* End XCBuildConfiguration section */

/* Begin XCConfigurationList section */
		0CF4204216012B3700C4D663 /* Build configuration list for PBXProject "Planner" */ = {
			isa = XCConfigurationList;
			buildConfigurations = (
				0CF4206416012B3700C4D663 /* Debug */,
				0CF4206516012B3700C4D663 /* Release */,
			);
			defaultConfigurationIsVisible = 0;
			defaultConfigurationName = Release;
		};
		0CF4206616012B3700C4D663 /* Build configuration list for PBXNativeTarget "Planner" */ = {
			isa = XCConfigurationList;
			buildConfigurations = (
				0CF4206716012B3700C4D663 /* Debug */,
				0CF4206816012B3700C4D663 /* Release */,
			);
			defaultConfigurationIsVisible = 0;
		};
/* End XCConfigurationList section */
	};
	rootObject = 0CF4203F16012B3700C4D663 /* Project object */;
}
